
Microsoft Visual Studio Solution File, Format Version 12.00
# Visual Studio Version 17
VisualStudioVersion = 17.0.31903.59
MinimumVisualStudioVersion = 10.0.40219.1
Project("{2150E333-8FDC-42A3-9474-1A3956D46DE8}") = "src", "src", "{827E0CD3-B72D-47B6-A68D-7590B98EB39B}"
EndProject
Project("{2150E333-8FDC-42A3-9474-1A3956D46DE8}") = "Services", "Services", "{984BB9B3-3FA3-BE33-9484-CAC21695A33C}"
EndProject
Project("{2150E333-8FDC-42A3-9474-1A3956D46DE8}") = "BillingService", "BillingService", "{2AB3B33D-F287-162E-69E2-02D2D15062ED}"
EndProject
Project("{FAE04EC0-301F-11D3-BF4B-00C04F79EFBC}") = "BillingService.API", "src\Services\BillingService\BillingService.API\BillingService.API.csproj", "{EF9008BE-8CF8-4E7E-A0D0-4C4A142AA18C}"
EndProject
Project("{FAE04EC0-301F-11D3-BF4B-00C04F79EFBC}") = "BillingService.Application", "src\Services\BillingService\BillingService.Application\BillingService.Application.csproj", "{B8C6C8E8-99C9-4455-9A94-BB989E8C79D9}"
EndProject
Project("{FAE04EC0-301F-11D3-BF4B-00C04F79EFBC}") = "BillingService.Domain", "src\Services\BillingService\BillingService.Domain\BillingService.Domain.csproj", "{60EB5D68-1B79-45E2-9647-202811CCA68B}"
EndProject
Project("{FAE04EC0-301F-11D3-BF4B-00C04F79EFBC}") = "BillingService.Infrastructure", "src\Services\BillingService\BillingService.Infrastructure\BillingService.Infrastructure.csproj", "{999B7A9B-4718-427C-A195-E7112DC87694}"
EndProject
Project("{2150E333-8FDC-42A3-9474-1A3956D46DE8}") = "Shared", "Shared", "{C8E42992-5E42-0C2B-DBFE-AA848D06431C}"
EndProject
Project("{FAE04EC0-301F-11D3-BF4B-00C04F79EFBC}") = "Common", "src\Shared\Common\Common.csproj", "{FC717A58-8D8D-435C-8D6F-EF23497D9B17}"
EndProject
Global
	GlobalSection(SolutionConfigurationPlatforms) = preSolution
		Debug|Any CPU = Debug|Any CPU
		Debug|x64 = Debug|x64
		Debug|x86 = Debug|x86
		Release|Any CPU = Release|Any CPU
		Release|x64 = Release|x64
		Release|x86 = Release|x86
	EndGlobalSection
	GlobalSection(ProjectConfigurationPlatforms) = postSolution
		{EF9008BE-8CF8-4E7E-A0D0-4C4A142AA18C}.Debug|Any CPU.ActiveCfg = Debug|Any CPU
		{EF9008BE-8CF8-4E7E-A0D0-4C4A142AA18C}.Debug|Any CPU.Build.0 = Debug|Any CPU
		{EF9008BE-8CF8-4E7E-A0D0-4C4A142AA18C}.Debug|x64.ActiveCfg = Debug|Any CPU
		{EF9008BE-8CF8-4E7E-A0D0-4C4A142AA18C}.Debug|x64.Build.0 = Debug|Any CPU
		{EF9008BE-8CF8-4E7E-A0D0-4C4A142AA18C}.Debug|x86.ActiveCfg = Debug|Any CPU
		{EF9008BE-8CF8-4E7E-A0D0-4C4A142AA18C}.Debug|x86.Build.0 = Debug|Any CPU
		{EF9008BE-8CF8-4E7E-A0D0-4C4A142AA18C}.Release|Any CPU.ActiveCfg = Release|Any CPU
		{EF9008BE-8CF8-4E7E-A0D0-4C4A142AA18C}.Release|Any CPU.Build.0 = Release|Any CPU
		{EF9008BE-8CF8-4E7E-A0D0-4C4A142AA18C}.Release|x64.ActiveCfg = Release|Any CPU
		{EF9008BE-8CF8-4E7E-A0D0-4C4A142AA18C}.Release|x64.Build.0 = Release|Any CPU
		{EF9008BE-8CF8-4E7E-A0D0-4C4A142AA18C}.Release|x86.ActiveCfg = Release|Any CPU
		{EF9008BE-8CF8-4E7E-A0D0-4C4A142AA18C}.Release|x86.Build.0 = Release|Any CPU
		{B8C6C8E8-99C9-4455-9A94-BB989E8C79D9}.Debug|Any CPU.ActiveCfg = Debug|Any CPU
		{B8C6C8E8-99C9-4455-9A94-BB989E8C79D9}.Debug|Any CPU.Build.0 = Debug|Any CPU
		{B8C6C8E8-99C9-4455-9A94-BB989E8C79D9}.Debug|x64.ActiveCfg = Debug|Any CPU
		{B8C6C8E8-99C9-4455-9A94-BB989E8C79D9}.Debug|x64.Build.0 = Debug|Any CPU
		{B8C6C8E8-99C9-4455-9A94-BB989E8C79D9}.Debug|x86.ActiveCfg = Debug|Any CPU
		{B8C6C8E8-99C9-4455-9A94-BB989E8C79D9}.Debug|x86.Build.0 = Debug|Any CPU
		{B8C6C8E8-99C9-4455-9A94-BB989E8C79D9}.Release|Any CPU.ActiveCfg = Release|Any CPU
		{B8C6C8E8-99C9-4455-9A94-BB989E8C79D9}.Release|Any CPU.Build.0 = Release|Any CPU
		{B8C6C8E8-99C9-4455-9A94-BB989E8C79D9}.Release|x64.ActiveCfg = Release|Any CPU
		{B8C6C8E8-99C9-4455-9A94-BB989E8C79D9}.Release|x64.Build.0 = Release|Any CPU
		{B8C6C8E8-99C9-4455-9A94-BB989E8C79D9}.Release|x86.ActiveCfg = Release|Any CPU
		{B8C6C8E8-99C9-4455-9A94-BB989E8C79D9}.Release|x86.Build.0 = Release|Any CPU
		{60EB5D68-1B79-45E2-9647-202811CCA68B}.Debug|Any CPU.ActiveCfg = Debug|Any CPU
		{60EB5D68-1B79-45E2-9647-202811CCA68B}.Debug|Any CPU.Build.0 = Debug|Any CPU
		{60EB5D68-1B79-45E2-9647-202811CCA68B}.Debug|x64.ActiveCfg = Debug|Any CPU
		{60EB5D68-1B79-45E2-9647-202811CCA68B}.Debug|x64.Build.0 = Debug|Any CPU
		{60EB5D68-1B79-45E2-9647-202811CCA68B}.Debug|x86.ActiveCfg = Debug|Any CPU
		{60EB5D68-1B79-45E2-9647-202811CCA68B}.Debug|x86.Build.0 = Debug|Any CPU
		{60EB5D68-1B79-45E2-9647-202811CCA68B}.Release|Any CPU.ActiveCfg = Release|Any CPU
		{60EB5D68-1B79-45E2-9647-202811CCA68B}.Release|Any CPU.Build.0 = Release|Any CPU
		{60EB5D68-1B79-45E2-9647-202811CCA68B}.Release|x64.ActiveCfg = Release|Any CPU
		{60EB5D68-1B79-45E2-9647-202811CCA68B}.Release|x64.Build.0 = Release|Any CPU
		{60EB5D68-1B79-45E2-9647-202811CCA68B}.Release|x86.ActiveCfg = Release|Any CPU
		{60EB5D68-1B79-45E2-9647-202811CCA68B}.Release|x86.Build.0 = Release|Any CPU
		{999B7A9B-4718-427C-A195-E7112DC87694}.Debug|Any CPU.ActiveCfg = Debug|Any CPU
		{999B7A9B-4718-427C-A195-E7112DC87694}.Debug|Any CPU.Build.0 = Debug|Any CPU
		{999B7A9B-4718-427C-A195-E7112DC87694}.Debug|x64.ActiveCfg = Debug|Any CPU
		{999B7A9B-4718-427C-A195-E7112DC87694}.Debug|x64.Build.0 = Debug|Any CPU
		{999B7A9B-4718-427C-A195-E7112DC87694}.Debug|x86.ActiveCfg = Debug|Any CPU
		{999B7A9B-4718-427C-A195-E7112DC87694}.Debug|x86.Build.0 = Debug|Any CPU
		{999B7A9B-4718-427C-A195-E7112DC87694}.Release|Any CPU.ActiveCfg = Release|Any CPU
		{999B7A9B-4718-427C-A195-E7112DC87694}.Release|Any CPU.Build.0 = Release|Any CPU
		{999B7A9B-4718-427C-A195-E7112DC87694}.Release|x64.ActiveCfg = Release|Any CPU
		{999B7A9B-4718-427C-A195-E7112DC87694}.Release|x64.Build.0 = Release|Any CPU
		{999B7A9B-4718-427C-A195-E7112DC87694}.Release|x86.ActiveCfg = Release|Any CPU
		{999B7A9B-4718-427C-A195-E7112DC87694}.Release|x86.Build.0 = Release|Any CPU
		{FC717A58-8D8D-435C-8D6F-EF23497D9B17}.Debug|Any CPU.ActiveCfg = Debug|Any CPU
		{FC717A58-8D8D-435C-8D6F-EF23497D9B17}.Debug|Any CPU.Build.0 = Debug|Any CPU
		{FC717A58-8D8D-435C-8D6F-EF23497D9B17}.Debug|x64.ActiveCfg = Debug|Any CPU
		{FC717A58-8D8D-435C-8D6F-EF23497D9B17}.Debug|x64.Build.0 = Debug|Any CPU
		{FC717A58-8D8D-435C-8D6F-EF23497D9B17}.Debug|x86.ActiveCfg = Debug|Any CPU
		{FC717A58-8D8D-435C-8D6F-EF23497D9B17}.Debug|x86.Build.0 = Debug|Any CPU
		{FC717A58-8D8D-435C-8D6F-EF23497D9B17}.Release|Any CPU.ActiveCfg = Release|Any CPU
		{FC717A58-8D8D-435C-8D6F-EF23497D9B17}.Release|Any CPU.Build.0 = Release|Any CPU
		{FC717A58-8D8D-435C-8D6F-EF23497D9B17}.Release|x64.ActiveCfg = Release|Any CPU
		{FC717A58-8D8D-435C-8D6F-EF23497D9B17}.Release|x64.Build.0 = Release|Any CPU
		{FC717A58-8D8D-435C-8D6F-EF23497D9B17}.Release|x86.ActiveCfg = Release|Any CPU
		{FC717A58-8D8D-435C-8D6F-EF23497D9B17}.Release|x86.Build.0 = Release|Any CPU
	EndGlobalSection
	GlobalSection(SolutionProperties) = preSolution
		HideSolutionNode = FALSE
	EndGlobalSection
	GlobalSection(NestedProjects) = preSolution
		{984BB9B3-3FA3-BE33-9484-CAC21695A33C} = {827E0CD3-B72D-47B6-A68D-7590B98EB39B}
		{2AB3B33D-F287-162E-69E2-02D2D15062ED} = {984BB9B3-3FA3-BE33-9484-CAC21695A33C}
		{EF9008BE-8CF8-4E7E-A0D0-4C4A142AA18C} = {2AB3B33D-F287-162E-69E2-02D2D15062ED}
		{B8C6C8E8-99C9-4455-9A94-BB989E8C79D9} = {2AB3B33D-F287-162E-69E2-02D2D15062ED}
		{60EB5D68-1B79-45E2-9647-202811CCA68B} = {2AB3B33D-F287-162E-69E2-02D2D15062ED}
		{999B7A9B-4718-427C-A195-E7112DC87694} = {2AB3B33D-F287-162E-69E2-02D2D15062ED}
		{C8E42992-5E42-0C2B-DBFE-AA848D06431C} = {827E0CD3-B72D-47B6-A68D-7590B98EB39B}
		{FC717A58-8D8D-435C-8D6F-EF23497D9B17} = {C8E42992-5E42-0C2B-DBFE-AA848D06431C}
	EndGlobalSection
EndGlobal
